
Microsoft Visual Studio Solution File, Format Version 12.00
# Visual Studio 15
VisualStudioVersion = 15.0.26403.7
MinimumVisualStudioVersion = 10.0.40219.1
Project("{FAE04EC0-301F-11D3-BF4B-00C04F79EFBC}") = "WebApi", "WebApi\WebApi.csproj", "{572BC6D7-35CF-4B69-B724-8F64A08AC850}"
EndProject
Project("{FAE04EC0-301F-11D3-BF4B-00C04F79EFBC}") = "CoolMap", "CoolMap\CoolMap.csproj", "{606C7415-D56D-4CC3-AE3B-E94AC15AE5B5}"
EndProject
Global
	GlobalSection(SolutionConfigurationPlatforms) = preSolution
		Debug|Any CPU = Debug|Any CPU
		Release|Any CPU = Release|Any CPU
	EndGlobalSection
	GlobalSection(ProjectConfigurationPlatforms) = postSolution
		{572BC6D7-35CF-4B69-B724-8F64A08AC850}.Debug|Any CPU.ActiveCfg = Debug|Any CPU
		{572BC6D7-35CF-4B69-B724-8F64A08AC850}.Debug|Any CPU.Build.0 = Debug|Any CPU
		{572BC6D7-35CF-4B69-B724-8F64A08AC850}.Release|Any CPU.ActiveCfg = Release|Any CPU
		{572BC6D7-35CF-4B69-B724-8F64A08AC850}.Release|Any CPU.Build.0 = Release|Any CPU
		{606C7415-D56D-4CC3-AE3B-E94AC15AE5B5}.Debug|Any CPU.ActiveCfg = Debug|Any CPU
		{606C7415-D56D-4CC3-AE3B-E94AC15AE5B5}.Debug|Any CPU.Build.0 = Debug|Any CPU
		{606C7415-D56D-4CC3-AE3B-E94AC15AE5B5}.Release|Any CPU.ActiveCfg = Release|Any CPU
		{606C7415-D56D-4CC3-AE3B-E94AC15AE5B5}.Release|Any CPU.Build.0 = Release|Any CPU
	EndGlobalSection
	GlobalSection(SolutionProperties) = preSolution
		HideSolutionNode = FALSE
	EndGlobalSection
EndGlobal
